
Microsoft Visual Studio Solution File, Format Version 12.00
# Visual Studio Version 16
VisualStudioVersion = 16.0.29728.190
MinimumVisualStudioVersion = 10.0.40219.1
Project("{9A19103F-16F7-4668-BE54-9A1E7A4F7556}") = "CRUDWishListAPI", "API\CRUDWishListAPI.csproj", "{8FCDB526-2DCD-49C7-967A-21431E114E04}"
EndProject
Global
	GlobalSection(SolutionConfigurationPlatforms) = preSolution
		Debug|Any CPU = Debug|Any CPU
		Release|Any CPU = Release|Any CPU
	EndGlobalSection
	GlobalSection(ProjectConfigurationPlatforms) = postSolution
		{8FCDB526-2DCD-49C7-967A-21431E114E04}.Debug|Any CPU.ActiveCfg = Debug|Any CPU
		{8FCDB526-2DCD-49C7-967A-21431E114E04}.Debug|Any CPU.Build.0 = Debug|Any CPU
		{8FCDB526-2DCD-49C7-967A-21431E114E04}.Release|Any CPU.ActiveCfg = Release|Any CPU
		{8FCDB526-2DCD-49C7-967A-21431E114E04}.Release|Any CPU.Build.0 = Release|Any CPU
	EndGlobalSection
	GlobalSection(SolutionProperties) = preSolution
		HideSolutionNode = FALSE
	EndGlobalSection
	GlobalSection(ExtensibilityGlobals) = postSolution
		SolutionGuid = {B4CED5EF-3958-41EE-881A-A67CC1C0E904}
	EndGlobalSection
EndGlobal
